
Microsoft Visual Studio Solution File, Format Version 12.00
# Visual Studio Version 17
VisualStudioVersion = 17.14.36811.4 d17.14
MinimumVisualStudioVersion = 10.0.40219.1
Project("{FAE04EC0-301F-11D3-BF4B-00C04F79EFBC}") = "Image Compression Application", "Image Compression Application\Image Compression Application.csproj", "{2BB6147C-D479-4927-9FFC-1FEAD43EC512}"
EndProject
Global
	GlobalSection(SolutionConfigurationPlatforms) = preSolution
		Debug|Any CPU = Debug|Any CPU
		Release|Any CPU = Release|Any CPU
	EndGlobalSection
	GlobalSection(ProjectConfigurationPlatforms) = postSolution
		{2BB6147C-D479-4927-9FFC-1FEAD43EC512}.Debug|Any CPU.ActiveCfg = Debug|Any CPU
		{2BB6147C-D479-4927-9FFC-1FEAD43EC512}.Debug|Any CPU.Build.0 = Debug|Any CPU
		{2BB6147C-D479-4927-9FFC-1FEAD43EC512}.Release|Any CPU.ActiveCfg = Release|Any CPU
		{2BB6147C-D479-4927-9FFC-1FEAD43EC512}.Release|Any CPU.Build.0 = Release|Any CPU
	EndGlobalSection
	GlobalSection(SolutionProperties) = preSolution
		HideSolutionNode = FALSE
	EndGlobalSection
	GlobalSection(ExtensibilityGlobals) = postSolution
		SolutionGuid = {6C887C6E-0D66-478B-ACF5-35BDA65F0053}
	EndGlobalSection
EndGlobal
